// !$*UTF8*$!
{
	archiveVersion = 1;
	classes = {
	};
	objectVersion = 50;
	objects = {

/* Begin PBXBuildFile section */
		B88A845122A363B100FA1D62 /* ImageTableviewCell.swift in Sources */ = {isa = PBXBuildFile; fileRef = B88A845022A363B100FA1D62 /* ImageTableviewCell.swift */; };
		B88A845322A3673500FA1D62 /* ImageDownloadService.swift in Sources */ = {isa = PBXBuildFile; fileRef = B88A845222A3673500FA1D62 /* ImageDownloadService.swift */; };
		B8A8B2A322A1AB830030B0FB /* AppDelegate.swift in Sources */ = {isa = PBXBuildFile; fileRef = B8A8B2A222A1AB830030B0FB /* AppDelegate.swift */; };
		B8A8B2A522A1AB830030B0FB /* ViewController.swift in Sources */ = {isa = PBXBuildFile; fileRef = B8A8B2A422A1AB830030B0FB /* ViewController.swift */; };
		B8A8B2A822A1AB830030B0FB /* Main.storyboard in Resources */ = {isa = PBXBuildFile; fileRef = B8A8B2A622A1AB830030B0FB /* Main.storyboard */; };
		B8A8B2AA22A1AB850030B0FB /* Assets.xcassets in Resources */ = {isa = PBXBuildFile; fileRef = B8A8B2A922A1AB850030B0FB /* Assets.xcassets */; };
		B8A8B2AD22A1AB850030B0FB /* LaunchScreen.storyboard in Resources */ = {isa = PBXBuildFile; fileRef = B8A8B2AB22A1AB850030B0FB /* LaunchScreen.storyboard */; };
/* End PBXBuildFile section */

/* Begin PBXFileReference section */
		B88A845022A363B100FA1D62 /* ImageTableviewCell.swift */ = {isa = PBXFileReference; lastKnownFileType = sourcecode.swift; path = ImageTableviewCell.swift; sourceTree = "<group>"; };
		B88A845222A3673500FA1D62 /* ImageDownloadService.swift */ = {isa = PBXFileReference; lastKnownFileType = sourcecode.swift; path = ImageDownloadService.swift; sourceTree = "<group>"; };
		B8A8B29F22A1AB830030B0FB /* GDC-Exercise.app */ = {isa = PBXFileReference; explicitFileType = wrapper.application; includeInIndex = 0; path = "GDC-Exercise.app"; sourceTree = BUILT_PRODUCTS_DIR; };
		B8A8B2A222A1AB830030B0FB /* AppDelegate.swift */ = {isa = PBXFileReference; lastKnownFileType = sourcecode.swift; path = AppDelegate.swift; sourceTree = "<group>"; };
		B8A8B2A422A1AB830030B0FB /* ViewController.swift */ = {isa = PBXFileReference; lastKnownFileType = sourcecode.swift; path = ViewController.swift; sourceTree = "<group>"; };
		B8A8B2A722A1AB830030B0FB /* Base */ = {isa = PBXFileReference; lastKnownFileType = file.storyboard; name = Base; path = Base.lproj/Main.storyboard; sourceTree = "<group>"; };
		B8A8B2A922A1AB850030B0FB /* Assets.xcassets */ = {isa = PBXFileReference; lastKnownFileType = folder.assetcatalog; path = Assets.xcassets; sourceTree = "<group>"; };
		B8A8B2AC22A1AB850030B0FB /* Base */ = {isa = PBXFileReference; lastKnownFileType = file.storyboard; name = Base; path = Base.lproj/LaunchScreen.storyboard; sourceTree = "<group>"; };
		B8A8B2AE22A1AB850030B0FB /* Info.plist */ = {isa = PBXFileReference; lastKnownFileType = text.plist.xml; path = Info.plist; sourceTree = "<group>"; };
/* End PBXFileReference section */

/* Begin PBXFrameworksBuildPhase section */
		B8A8B29C22A1AB830030B0FB /* Frameworks */ = {
			isa = PBXFrameworksBuildPhase;
			buildActionMask = 2147483647;
			files = (
			);
			runOnlyForDeploymentPostprocessing = 0;
		};
/* End PBXFrameworksBuildPhase section */

/* Begin PBXGroup section */
		B8A8B29622A1AB830030B0FB = {
			isa = PBXGroup;
			children = (
				B8A8B2A122A1AB830030B0FB /* GDC-Exercise */,
				B8A8B2A022A1AB830030B0FB /* Products */,
			);
			sourceTree = "<group>";
		};
		B8A8B2A022A1AB830030B0FB /* Products */ = {
			isa = PBXGroup;
			children = (
				B8A8B29F22A1AB830030B0FB /* GDC-Exercise.app */,
			);
			name = Products;
			sourceTree = "<group>";
		};
		B8A8B2A122A1AB830030B0FB /* GDC-Exercise */ = {
			isa = PBXGroup;
			children = (
				B8A8B2A222A1AB830030B0FB /* AppDelegate.swift */,
				B8A8B2A422A1AB830030B0FB /* ViewController.swift */,
				B8A8B2A622A1AB830030B0FB /* Main.storyboard */,
				B8A8B2A922A1AB850030B0FB /* Assets.xcassets */,
				B8A8B2AB22A1AB850030B0FB /* LaunchScreen.storyboard */,
				B8A8B2AE22A1AB850030B0FB /* Info.plist */,
				B88A845022A363B100FA1D62 /* ImageTableviewCell.swift */,
				B88A845222A3673500FA1D62 /* ImageDownloadService.swift */,
			);
			path = "GDC-Exercise";
			sourceTree = "<group>";
		};
/* End PBXGroup section */

/* Begin PBXNativeTarget section */
		B8A8B29E22A1AB830030B0FB /* GDC-Exercise */ = {
			isa = PBXNativeTarget;
			buildConfigurationList = B8A8B2B122A1AB850030B0FB /* Build configuration list for PBXNativeTarget "GDC-Exercise" */;
			buildPhases = (
				B8A8B29B22A1AB830030B0FB /* Sources */,
				B8A8B29C22A1AB830030B0FB /* Frameworks */,
				B8A8B29D22A1AB830030B0FB /* Resources */,
			);
			buildRules = (
			);
			dependencies = (
			);
			name = "GDC-Exercise";
			productName = "GDC-Exercise";
			productReference = B8A8B29F22A1AB830030B0FB /* GDC-Exercise.app */;
			productType = "com.apple.product-type.application";
		};
/* End PBXNativeTarget section */

/* Begin PBXProject section */
		B8A8B29722A1AB830030B0FB /* Project object */ = {
			isa = PBXProject;
			attributes = {
				LastSwiftUpdateCheck = 1020;
				LastUpgradeCheck = 1020;
				ORGANIZATIONNAME = "Medi Assumani";
				TargetAttributes = {
					B8A8B29E22A1AB830030B0FB = {
						CreatedOnToolsVersion = 10.2.1;
					};
				};
			};
			buildConfigurationList = B8A8B29A22A1AB830030B0FB /* Build configuration list for PBXProject "GDC-Exercise" */;
			compatibilityVersion = "Xcode 9.3";
			developmentRegion = en;
			hasScannedForEncodings = 0;
			knownRegions = (
				en,
				Base,
			);
			mainGroup = B8A8B29622A1AB830030B0FB;
			productRefGroup = B8A8B2A022A1AB830030B0FB /* Products */;
			projectDirPath = "";
			projectRoot = "";
			targets = (
				B8A8B29E22A1AB830030B0FB /* GDC-Exercise */,
			);
		};
/* End PBXProject section */

/* Begin PBXResourcesBuildPhase section */
		B8A8B29D22A1AB830030B0FB /* Resources */ = {
			isa = PBXResourcesBuildPhase;
			buildActionMask = 2147483647;
			files = (
				B8A8B2AD22A1AB850030B0FB /* LaunchScreen.storyboard in Resources */,
				B8A8B2AA22A1AB850030B0FB /* Assets.xcassets in Resources */,
				B8A8B2A822A1AB830030B0FB /* Main.storyboard in Resources */,
			);
			runOnlyForDeploymentPostprocessing = 0;
		};
/* End PBXResourcesBuildPhase section */

/* Begin PBXSourcesBuildPhase section */
		B8A8B29B22A1AB830030B0FB /* Sources */ = {
			isa = PBXSourcesBuildPhase;
			buildActionMask = 2147483647;
			files = (
				B8A8B2A522A1AB830030B0FB /* ViewController.swift in Sources */,
				B88A845322A3673500FA1D62 /* ImageDownloadService.swift in Sources */,
				B88A845122A363B100FA1D62 /* ImageTableviewCell.swift in Sources */,
				B8A8B2A322A1AB830030B0FB /* AppDelegate.swift in Sources */,
			);
			runOnlyForDeploymentPostprocessing = 0;
		};
/* End PBXSourcesBuildPhase section */

/* Begin PBXVariantGroup section */
		B8A8B2A622A1AB830030B0FB /* Main.storyboard */ = {
			isa = PBXVariantGroup;
			children = (
				B8A8B2A722A1AB830030B0FB /* Base */,
			);
			name = Main.storyboard;
			sourceTree = "<group>";
		};
		B8A8B2AB22A1AB850030B0FB /* LaunchScreen.storyboard */ = {
			isa = PBXVariantGroup;
			children = (
				B8A8B2AC22A1AB850030B0FB /* Base */,
			);
			name = LaunchScreen.storyboard;
			sourceTree = "<group>";
		};
/* End PBXVariantGroup section */

/* Begin XCBuildConfiguration section */
		B8A8B2AF22A1AB850030B0FB /* Debug */ = {
			isa = XCBuildConfiguration;
			buildSettings = {
				ALWAYS_SEARCH_USER_PATHS = NO;
				CLANG_ANALYZER_NONNULL = YES;
				CLANG_ANALYZER_NUMBER_OBJECT_CONVERSION = YES_AGGRESSIVE;
				CLANG_CXX_LANGUAGE_STANDARD = "gnu++14";
				CLANG_CXX_LIBRARY = "libc++";
				CLANG_ENABLE_MODULES = YES;
				CLANG_ENABLE_OBJC_ARC = YES;
				CLANG_ENABLE_OBJC_WEAK = YES;
				CLANG_WARN_BLOCK_CAPTURE_AUTORELEASING = YES;
				CLANG_WARN_BOOL_CONVERSION = YES;
				CLANG_WARN_COMMA = YES;
				CLANG_WARN_CONSTANT_CONVERSION = YES;
				CLANG_WARN_DEPRECATED_OBJC_IMPLEMENTATIONS = YES;
				CLANG_WARN_DIRECT_OBJC_ISA_USAGE = YES_ERROR;
				CLANG_WARN_DOCUMENTATION_COMMENTS = YES;
				CLANG_WARN_EMPTY_BODY = YES;
				CLANG_WARN_ENUM_CONVERSION = YES;
				CLANG_WARN_INFINITE_RECURSION = YES;
				CLANG_WARN_INT_CONVERSION = YES;
				CLANG_WARN_NON_LITERAL_NULL_CONVERSION = YES;
				CLANG_WARN_OBJC_IMPLICIT_RETAIN_SELF = YES;
				CLANG_WARN_OBJC_LITERAL_CONVERSION = YES;
				CLANG_WARN_OBJC_ROOT_CLASS = YES_ERROR;
				CLANG_WARN_RANGE_LOOP_ANALYSIS = YES;
				CLANG_WARN_STRICT_PROTOTYPES = YES;
				CLANG_WARN_SUSPICIOUS_MOVE = YES;
				CLANG_WARN_UNGUARDED_AVAILABILITY = YES_AGGRESSIVE;
				CLANG_WARN_UNREACHABLE_CODE = YES;
				CLANG_WARN__DUPLICATE_METHOD_MATCH = YES;
				CODE_SIGN_IDENTITY = "iPhone Developer";
				COPY_PHASE_STRIP = NO;
				DEBUG_INFORMATION_FORMAT = dwarf;
				ENABLE_STRICT_OBJC_MSGSEND = YES;
				ENABLE_TESTABILITY = YES;
				GCC_C_LANGUAGE_STANDARD = gnu11;
				GCC_DYNAMIC_NO_PIC = NO;
				GCC_NO_COMMON_BLOCKS = YES;
				GCC_OPTIMIZATION_LEVEL = 0;
				GCC_PREPROCESSOR_DEFINITIONS = (
					"DEBUG=1",
					"$(inherited)",
				);
				GCC_WARN_64_TO_32_BIT_CONVERSION = YES;
				GCC_WARN_ABOUT_RETURN_TYPE = YES_ERROR;
				GCC_WARN_UNDECLARED_SELECTOR = YES;
				GCC_WARN_UNINITIALIZED_AUTOS = YES_AGGRESSIVE;
				GCC_WARN_UNUSED_FUNCTION = YES;
				GCC_WARN_UNUSED_VARIABLE = YES;
				IPHONEOS_DEPLOYMENT_TARGET = 12.2;
				MTL_ENABLE_DEBUG_INFO = INCLUDE_SOURCE;
				MTL_FAST_MATH = YES;
				ONLY_ACTIVE_ARCH = YES;
				SDKROOT = iphoneos;
				SWIFT_ACTIVE_COMPILATION_CONDITIONS = DEBUG;
				SWIFT_OPTIMIZATION_LEVEL = "-Onone";
			};
			name = Debug;
		};
		B8A8B2B022A1AB850030B0FB /* Release */ = {
			isa = XCBuildConfiguration;
			buildSettings = {
				ALWAYS_SEARCH_USER_PATHS = NO;
				CLANG_ANALYZER_NONNULL = YES;
				CLANG_ANALYZER_NUMBER_OBJECT_CONVERSION = YES_AGGRESSIVE;
				CLANG_CXX_LANGUAGE_STANDARD = "gnu++14";
				CLANG_CXX_LIBRARY = "libc++";
				CLANG_ENABLE_MODULES = YES;
				CLANG_ENABLE_OBJC_ARC = YES;
				CLANG_ENABLE_OBJC_WEAK = YES;
				CLANG_WARN_BLOCK_CAPTURE_AUTORELEASING = YES;
				CLANG_WARN_BOOL_CONVERSION = YES;
				CLANG_WARN_COMMA = YES;
				CLANG_WARN_CONSTANT_CONVERSION = YES;
				CLANG_WARN_DEPRECATED_OBJC_IMPLEMENTATIONS = YES;
				CLANG_WARN_DIRECT_OBJC_ISA_USAGE = YES_ERROR;
				CLANG_WARN_DOCUMENTATION_COMMENTS = YES;
				CLANG_WARN_EMPTY_BODY = YES;
				CLANG_WARN_ENUM_CONVERSION = YES;
				CLANG_WARN_INFINITE_RECURSION = YES;
				CLANG_WARN_INT_CONVERSION = YES;
				CLANG_WARN_NON_LITERAL_NULL_CONVERSION = YES;
				CLANG_WARN_OBJC_IMPLICIT_RETAIN_SELF = YES;
				CLANG_WARN_OBJC_LITERAL_CONVERSION = YES;
				CLANG_WARN_OBJC_ROOT_CLASS = YES_ERROR;
				CLANG_WARN_RANGE_LOOP_ANALYSIS = YES;
				CLANG_WARN_STRICT_PROTOTYPES = YES;
				CLANG_WARN_SUSPICIOUS_MOVE = YES;
				CLANG_WARN_UNGUARDED_AVAILABILITY = YES_AGGRESSIVE;
				CLANG_WARN_UNREACHABLE_CODE = YES;
				CLANG_WARN__DUPLICATE_METHOD_MATCH = YES;
				CODE_SIGN_IDENTITY = "iPhone Developer";
				COPY_PHASE_STRIP = NO;
				DEBUG_INFORMATION_FORMAT = "dwarf-with-dsym";
				ENABLE_NS_ASSERTIONS = NO;
				ENABLE_STRICT_OBJC_MSGSEND = YES;
				GCC_C_LANGUAGE_STANDARD = gnu11;
				GCC_NO_COMMON_BLOCKS = YES;
				GCC_WARN_64_TO_32_BIT_CONVERSION = YES;
				GCC_WARN_ABOUT_RETURN_TYPE = YES_ERROR;
				GCC_WARN_UNDECLARED_SELECTOR = YES;
				GCC_WARN_UNINITIALIZED_AUTOS = YES_AGGRESSIVE;
				GCC_WARN_UNUSED_FUNCTION = YES;
				GCC_WARN_UNUSED_VARIABLE = YES;
				IPHONEOS_DEPLOYMENT_TARGET = 12.2;
				MTL_ENABLE_DEBUG_INFO = NO;
				MTL_FAST_MATH = YES;
				SDKROOT = iphoneos;
				SWIFT_COMPILATION_MODE = wholemodule;
				SWIFT_OPTIMIZATION_LEVEL = "-O";
				VALIDATE_PRODUCT = YES;
			};
			name = Release;
		};
		B8A8B2B222A1AB850030B0FB /* Debug */ = {
			isa = XCBuildConfiguration;
			buildSettings = {
				ASSETCATALOG_COMPILER_APPICON_NAME = AppIcon;
				CODE_SIGN_STYLE = Automatic;
				DEVELOPMENT_TEAM = 966X5T4Q98;
				INFOPLIST_FILE = "GDC-Exercise/Info.plist";
				LD_RUNPATH_SEARCH_PATHS = (
					"$(inherited)",
					"@executable_path/Frameworks",
				);
				PRODUCT_BUNDLE_IDENTIFIER = "mediassumani.GDC-Exercise";
				PRODUCT_NAME = "$(TARGET_NAME)";
				SWIFT_VERSION = 5.0;
				TARGETED_DEVICE_FAMILY = "1,2";
			};
			name = Debug;
		};
		B8A8B2B322A1AB850030B0FB /* Release */ = {
			isa = XCBuildConfiguration;
			buildSettings = {
				ASSETCATALOG_COMPILER_APPICON_NAME = AppIcon;
				CODE_SIGN_STYLE = Automatic;
				DEVELOPMENT_TEAM = 966X5T4Q98;
				INFOPLIST_FILE = "GDC-Exercise/Info.plist";
				LD_RUNPATH_SEARCH_PATHS = (
					"$(inherited)",
					"@executable_path/Frameworks",
				);
				PRODUCT_BUNDLE_IDENTIFIER = "mediassumani.GDC-Exercise";
				PRODUCT_NAME = "$(TARGET_NAME)";
				SWIFT_VERSION = 5.0;
				TARGETED_DEVICE_FAMILY = "1,2";
			};
			name = Release;
		};
/* End XCBuildConfiguration section */

/* Begin XCConfigurationList section */
		B8A8B29A22A1AB830030B0FB /* Build configuration list for PBXProject "GDC-Exercise" */ = {
			isa = XCConfigurationList;
			buildConfigurations = (
				B8A8B2AF22A1AB850030B0FB /* Debug */,
				B8A8B2B022A1AB850030B0FB /* Release */,
			);
			defaultConfigurationIsVisible = 0;
			defaultConfigurationName = Release;
		};
		B8A8B2B122A1AB850030B0FB /* Build configuration list for PBXNativeTarget "GDC-Exercise" */ = {
			isa = XCConfigurationList;
			buildConfigurations = (
				B8A8B2B222A1AB850030B0FB /* Debug */,
				B8A8B2B322A1AB850030B0FB /* Release */,
			);
			defaultConfigurationIsVisible = 0;
			defaultConfigurationName = Release;
		};
/* End XCConfigurationList section */
	};
	rootObject = B8A8B29722A1AB830030B0FB /* Project object */;
}
